// !$*UTF8*$!
{
	archiveVersion = 1;
	classes = {
	};
	objectVersion = 46;
	objects = {

/* Begin PBXBuildFile section */
		1F5EC7AD1AEC6E8800535B89 /* main.m in Sources */ = {isa = PBXBuildFile; fileRef = 1F5EC7AC1AEC6E8800535B89 /* main.m */; };
		1F5EC7B01AEC6E8800535B89 /* AppDelegate.m in Sources */ = {isa = PBXBuildFile; fileRef = 1F5EC7AF1AEC6E8800535B89 /* AppDelegate.m */; };
		1F5EC7B31AEC6E8800535B89 /* ViewController.m in Sources */ = {isa = PBXBuildFile; fileRef = 1F5EC7B21AEC6E8800535B89 /* ViewController.m */; };
		1F5EC7B61AEC6E8800535B89 /* Main.storyboard in Resources */ = {isa = PBXBuildFile; fileRef = 1F5EC7B41AEC6E8800535B89 /* Main.storyboard */; };
		1F5EC7B81AEC6E8800535B89 /* Images.xcassets in Resources */ = {isa = PBXBuildFile; fileRef = 1F5EC7B71AEC6E8800535B89 /* Images.xcassets */; };
		1F5EC7BB1AEC6E8800535B89 /* LaunchScreen.xib in Resources */ = {isa = PBXBuildFile; fileRef = 1F5EC7B91AEC6E8800535B89 /* LaunchScreen.xib */; };
		1F5EC7C71AEC6E8800535B89 /* CCControlCenterShowTests.m in Sources */ = {isa = PBXBuildFile; fileRef = 1F5EC7C61AEC6E8800535B89 /* CCControlCenterShowTests.m */; };
/* End PBXBuildFile section */

/* Begin PBXContainerItemProxy section */
		1F5EC7C11AEC6E8800535B89 /* PBXContainerItemProxy */ = {
			isa = PBXContainerItemProxy;
			containerPortal = 1F5EC79F1AEC6E8700535B89 /* Project object */;
			proxyType = 1;
			remoteGlobalIDString = 1F5EC7A61AEC6E8700535B89;
			remoteInfo = CCControlCenterShow;
		};
/* End PBXContainerItemProxy section */

/* Begin PBXFileReference section */
		1F5EC7A71AEC6E8700535B89 /* CCControlCenterShow.app */ = {isa = PBXFileReference; explicitFileType = wrapper.application; includeInIndex = 0; path = CCControlCenterShow.app; sourceTree = BUILT_PRODUCTS_DIR; };
		1F5EC7AB1AEC6E8800535B89 /* Info.plist */ = {isa = PBXFileReference; lastKnownFileType = text.plist.xml; path = Info.plist; sourceTree = "<group>"; };
		1F5EC7AC1AEC6E8800535B89 /* main.m */ = {isa = PBXFileReference; lastKnownFileType = sourcecode.c.objc; path = main.m; sourceTree = "<group>"; };
		1F5EC7AE1AEC6E8800535B89 /* AppDelegate.h */ = {isa = PBXFileReference; lastKnownFileType = sourcecode.c.h; path = AppDelegate.h; sourceTree = "<group>"; };
		1F5EC7AF1AEC6E8800535B89 /* AppDelegate.m */ = {isa = PBXFileReference; lastKnownFileType = sourcecode.c.objc; path = AppDelegate.m; sourceTree = "<group>"; };
		1F5EC7B11AEC6E8800535B89 /* ViewController.h */ = {isa = PBXFileReference; lastKnownFileType = sourcecode.c.h; path = ViewController.h; sourceTree = "<group>"; };
		1F5EC7B21AEC6E8800535B89 /* ViewController.m */ = {isa = PBXFileReference; lastKnownFileType = sourcecode.c.objc; path = ViewController.m; sourceTree = "<group>"; };
		1F5EC7B51AEC6E8800535B89 /* Base */ = {isa = PBXFileReference; lastKnownFileType = file.storyboard; name = Base; path = Base.lproj/Main.storyboard; sourceTree = "<group>"; };
		1F5EC7B71AEC6E8800535B89 /* Images.xcassets */ = {isa = PBXFileReference; lastKnownFileType = folder.assetcatalog; path = Images.xcassets; sourceTree = "<group>"; };
		1F5EC7BA1AEC6E8800535B89 /* Base */ = {isa = PBXFileReference; lastKnownFileType = file.xib; name = Base; path = Base.lproj/LaunchScreen.xib; sourceTree = "<group>"; };
		1F5EC7C01AEC6E8800535B89 /* CCControlCenterShowTests.xctest */ = {isa = PBXFileReference; explicitFileType = wrapper.cfbundle; includeInIndex = 0; path = CCControlCenterShowTests.xctest; sourceTree = BUILT_PRODUCTS_DIR; };
		1F5EC7C51AEC6E8800535B89 /* Info.plist */ = {isa = PBXFileReference; lastKnownFileType = text.plist.xml; path = Info.plist; sourceTree = "<group>"; };
		1F5EC7C61AEC6E8800535B89 /* CCControlCenterShowTests.m */ = {isa = PBXFileReference; lastKnownFileType = sourcecode.c.objc; path = CCControlCenterShowTests.m; sourceTree = "<group>"; };
/* End PBXFileReference section */

/* Begin PBXFrameworksBuildPhase section */
		1F5EC7A41AEC6E8700535B89 /* Frameworks */ = {
			isa = PBXFrameworksBuildPhase;
			buildActionMask = 2147483647;
			files = (
			);
			runOnlyForDeploymentPostprocessing = 0;
		};
		1F5EC7BD1AEC6E8800535B89 /* Frameworks */ = {
			isa = PBXFrameworksBuildPhase;
			buildActionMask = 2147483647;
			files = (
			);
			runOnlyForDeploymentPostprocessing = 0;
		};
/* End PBXFrameworksBuildPhase section */

/* Begin PBXGroup section */
		1F5EC79E1AEC6E8700535B89 = {
			isa = PBXGroup;
			children = (
				1F5EC7A91AEC6E8700535B89 /* CCControlCenterShow */,
				1F5EC7C31AEC6E8800535B89 /* CCControlCenterShowTests */,
				1F5EC7A81AEC6E8700535B89 /* Products */,
			);
			sourceTree = "<group>";
		};
		1F5EC7A81AEC6E8700535B89 /* Products */ = {
			isa = PBXGroup;
			children = (
				1F5EC7A71AEC6E8700535B89 /* CCControlCenterShow.app */,
				1F5EC7C01AEC6E8800535B89 /* CCControlCenterShowTests.xctest */,
			);
			name = Products;
			sourceTree = "<group>";
		};
		1F5EC7A91AEC6E8700535B89 /* CCControlCenterShow */ = {
			isa = PBXGroup;
			children = (
				1F5EC7AE1AEC6E8800535B89 /* AppDelegate.h */,
				1F5EC7AF1AEC6E8800535B89 /* AppDelegate.m */,
				1F5EC7B11AEC6E8800535B89 /* ViewController.h */,
				1F5EC7B21AEC6E8800535B89 /* ViewController.m */,
				1F5EC7B41AEC6E8800535B89 /* Main.storyboard */,
				1F5EC7B71AEC6E8800535B89 /* Images.xcassets */,
				1F5EC7B91AEC6E8800535B89 /* LaunchScreen.xib */,
				1F5EC7AA1AEC6E8800535B89 /* Supporting Files */,
			);
			path = CCControlCenterShow;
			sourceTree = "<group>";
		};
		1F5EC7AA1AEC6E8800535B89 /* Supporting Files */ = {
			isa = PBXGroup;
			children = (
				1F5EC7AB1AEC6E8800535B89 /* Info.plist */,
				1F5EC7AC1AEC6E8800535B89 /* main.m */,
			);
			name = "Supporting Files";
			sourceTree = "<group>";
		};
		1F5EC7C31AEC6E8800535B89 /* CCControlCenterShowTests */ = {
			isa = PBXGroup;
			children = (
				1F5EC7C61AEC6E8800535B89 /* CCControlCenterShowTests.m */,
				1F5EC7C41AEC6E8800535B89 /* Supporting Files */,
			);
			path = CCControlCenterShowTests;
			sourceTree = "<group>";
		};
		1F5EC7C41AEC6E8800535B89 /* Supporting Files */ = {
			isa = PBXGroup;
			children = (
				1F5EC7C51AEC6E8800535B89 /* Info.plist */,
			);
			name = "Supporting Files";
			sourceTree = "<group>";
		};
/* End PBXGroup section */

/* Begin PBXNativeTarget section */
		1F5EC7A61AEC6E8700535B89 /* CCControlCenterShow */ = {
			isa = PBXNativeTarget;
			buildConfigurationList = 1F5EC7CA1AEC6E8800535B89 /* Build configuration list for PBXNativeTarget "CCControlCenterShow" */;
			buildPhases = (
				1F5EC7A31AEC6E8700535B89 /* Sources */,
				1F5EC7A41AEC6E8700535B89 /* Frameworks */,
				1F5EC7A51AEC6E8700535B89 /* Resources */,
			);
			buildRules = (
			);
			dependencies = (
			);
			name = CCControlCenterShow;
			productName = CCControlCenterShow;
			productReference = 1F5EC7A71AEC6E8700535B89 /* CCControlCenterShow.app */;
			productType = "com.apple.product-type.application";
		};
		1F5EC7BF1AEC6E8800535B89 /* CCControlCenterShowTests */ = {
			isa = PBXNativeTarget;
			buildConfigurationList = 1F5EC7CD1AEC6E8800535B89 /* Build configuration list for PBXNativeTarget "CCControlCenterShowTests" */;
			buildPhases = (
				1F5EC7BC1AEC6E8800535B89 /* Sources */,
				1F5EC7BD1AEC6E8800535B89 /* Frameworks */,
				1F5EC7BE1AEC6E8800535B89 /* Resources */,
			);
			buildRules = (
			);
			dependencies = (
				1F5EC7C21AEC6E8800535B89 /* PBXTargetDependency */,
			);
			name = CCControlCenterShowTests;
			productName = CCControlCenterShowTests;
			productReference = 1F5EC7C01AEC6E8800535B89 /* CCControlCenterShowTests.xctest */;
			productType = "com.apple.product-type.bundle.unit-test";
		};
/* End PBXNativeTarget section */

/* Begin PBXProject section */
		1F5EC79F1AEC6E8700535B89 /* Project object */ = {
			isa = PBXProject;
			attributes = {
				LastUpgradeCheck = 0630;
				ORGANIZATIONNAME = DjangoZhang;
				TargetAttributes = {
					1F5EC7A61AEC6E8700535B89 = {
						CreatedOnToolsVersion = 6.3;
					};
					1F5EC7BF1AEC6E8800535B89 = {
						CreatedOnToolsVersion = 6.3;
						TestTargetID = 1F5EC7A61AEC6E8700535B89;
					};
				};
			};
			buildConfigurationList = 1F5EC7A21AEC6E8700535B89 /* Build configuration list for PBXProject "CCControlCenterShow" */;
			compatibilityVersion = "Xcode 3.2";
			developmentRegion = English;
			hasScannedForEncodings = 0;
			knownRegions = (
				en,
				Base,
			);
			mainGroup = 1F5EC79E1AEC6E8700535B89;
			productRefGroup = 1F5EC7A81AEC6E8700535B89 /* Products */;
			projectDirPath = "";
			projectRoot = "";
			targets = (
				1F5EC7A61AEC6E8700535B89 /* CCControlCenterShow */,
				1F5EC7BF1AEC6E8800535B89 /* CCControlCenterShowTests */,
			);
		};
/* End PBXProject section */

/* Begin PBXResourcesBuildPhase section */
		1F5EC7A51AEC6E8700535B89 /* Resources */ = {
			isa = PBXResourcesBuildPhase;
			buildActionMask = 2147483647;
			files = (
				1F5EC7B61AEC6E8800535B89 /* Main.storyboard in Resources */,
				1F5EC7BB1AEC6E8800535B89 /* LaunchScreen.xib in Resources */,
				1F5EC7B81AEC6E8800535B89 /* Images.xcassets in Resources */,
			);
			runOnlyForDeploymentPostprocessing = 0;
		};
		1F5EC7BE1AEC6E8800535B89 /* Resources */ = {
			isa = PBXResourcesBuildPhase;
			buildActionMask = 2147483647;
			files = (
			);
			runOnlyForDeploymentPostprocessing = 0;
		};
/* End PBXResourcesBuildPhase section */

/* Begin PBXSourcesBuildPhase section */
		1F5EC7A31AEC6E8700535B89 /* Sources */ = {
			isa = PBXSourcesBuildPhase;
			buildActionMask = 2147483647;
			files = (
				1F5EC7B31AEC6E8800535B89 /* ViewController.m in Sources */,
				1F5EC7B01AEC6E8800535B89 /* AppDelegate.m in Sources */,
				1F5EC7AD1AEC6E8800535B89 /* main.m in Sources */,
			);
			runOnlyForDeploymentPostprocessing = 0;
		};
		1F5EC7BC1AEC6E8800535B89 /* Sources */ = {
			isa = PBXSourcesBuildPhase;
			buildActionMask = 2147483647;
			files = (
				1F5EC7C71AEC6E8800535B89 /* CCControlCenterShowTests.m in Sources */,
			);
			runOnlyForDeploymentPostprocessing = 0;
		};
/* End PBXSourcesBuildPhase section */

/* Begin PBXTargetDependency section */
		1F5EC7C21AEC6E8800535B89 /* PBXTargetDependency */ = {
			isa = PBXTargetDependency;
			target = 1F5EC7A61AEC6E8700535B89 /* CCControlCenterShow */;
			targetProxy = 1F5EC7C11AEC6E8800535B89 /* PBXContainerItemProxy */;
		};
/* End PBXTargetDependency section */

/* Begin PBXVariantGroup section */
		1F5EC7B41AEC6E8800535B89 /* Main.storyboard */ = {
			isa = PBXVariantGroup;
			children = (
				1F5EC7B51AEC6E8800535B89 /* Base */,
			);
			name = Main.storyboard;
			sourceTree = "<group>";
		};
		1F5EC7B91AEC6E8800535B89 /* LaunchScreen.xib */ = {
			isa = PBXVariantGroup;
			children = (
				1F5EC7BA1AEC6E8800535B89 /* Base */,
			);
			name = LaunchScreen.xib;
			sourceTree = "<group>";
		};
/* End PBXVariantGroup section */

/* Begin XCBuildConfiguration section */
		1F5EC7C81AEC6E8800535B89 /* Debug */ = {
			isa = XCBuildConfiguration;
			buildSettings = {
				ALWAYS_SEARCH_USER_PATHS = NO;
				CLANG_CXX_LANGUAGE_STANDARD = "gnu++0x";
				CLANG_CXX_LIBRARY = "libc++";
				CLANG_ENABLE_MODULES = YES;
				CLANG_ENABLE_OBJC_ARC = YES;
				CLANG_WARN_BOOL_CONVERSION = YES;
				CLANG_WARN_CONSTANT_CONVERSION = YES;
				CLANG_WARN_DIRECT_OBJC_ISA_USAGE = YES_ERROR;
				CLANG_WARN_EMPTY_BODY = YES;
				CLANG_WARN_ENUM_CONVERSION = YES;
				CLANG_WARN_INT_CONVERSION = YES;
				CLANG_WARN_OBJC_ROOT_CLASS = YES_ERROR;
				CLANG_WARN_UNREACHABLE_CODE = YES;
				CLANG_WARN__DUPLICATE_METHOD_MATCH = YES;
				"CODE_SIGN_IDENTITY[sdk=iphoneos*]" = "iPhone Developer";
				COPY_PHASE_STRIP = NO;
				DEBUG_INFORMATION_FORMAT = "dwarf-with-dsym";
				ENABLE_STRICT_OBJC_MSGSEND = YES;
				GCC_C_LANGUAGE_STANDARD = gnu99;
				GCC_DYNAMIC_NO_PIC = NO;
				GCC_NO_COMMON_BLOCKS = YES;
				GCC_OPTIMIZATION_LEVEL = 0;
				GCC_PREPROCESSOR_DEFINITIONS = (
					"DEBUG=1",
					"$(inherited)",
				);
				GCC_SYMBOLS_PRIVATE_EXTERN = NO;
				GCC_WARN_64_TO_32_BIT_CONVERSION = YES;
				GCC_WARN_ABOUT_RETURN_TYPE = YES_ERROR;
				GCC_WARN_UNDECLARED_SELECTOR = YES;
				GCC_WARN_UNINITIALIZED_AUTOS = YES_AGGRESSIVE;
				GCC_WARN_UNUSED_FUNCTION = YES;
				GCC_WARN_UNUSED_VARIABLE = YES;
				IPHONEOS_DEPLOYMENT_TARGET = 8.3;
				MTL_ENABLE_DEBUG_INFO = YES;
				ONLY_ACTIVE_ARCH = YES;
				SDKROOT = iphoneos;
			};
			name = Debug;
		};
		1F5EC7C91AEC6E8800535B89 /* Release */ = {
			isa = XCBuildConfiguration;
			buildSettings = {
				ALWAYS_SEARCH_USER_PATHS = NO;
				CLANG_CXX_LANGUAGE_STANDARD = "gnu++0x";
				CLANG_CXX_LIBRARY = "libc++";
				CLANG_ENABLE_MODULES = YES;
				CLANG_ENABLE_OBJC_ARC = YES;
				CLANG_WARN_BOOL_CONVERSION = YES;
				CLANG_WARN_CONSTANT_CONVERSION = YES;
				CLANG_WARN_DIRECT_OBJC_ISA_USAGE = YES_ERROR;
				CLANG_WARN_EMPTY_BODY = YES;
				CLANG_WARN_ENUM_CONVERSION = YES;
				CLANG_WARN_INT_CONVERSION = YES;
				CLANG_WARN_OBJC_ROOT_CLASS = YES_ERROR;
				CLANG_WARN_UNREACHABLE_CODE = YES;
				CLANG_WARN__DUPLICATE_METHOD_MATCH = YES;
				"CODE_SIGN_IDENTITY[sdk=iphoneos*]" = "iPhone Developer";
				COPY_PHASE_STRIP = NO;
				DEBUG_INFORMATION_FORMAT = "dwarf-with-dsym";
				ENABLE_NS_ASSERTIONS = NO;
				ENABLE_STRICT_OBJC_MSGSEND = YES;
				GCC_C_LANGUAGE_STANDARD = gnu99;
				GCC_NO_COMMON_BLOCKS = YES;
				GCC_WARN_64_TO_32_BIT_CONVERSION = YES;
				GCC_WARN_ABOUT_RETURN_TYPE = YES_ERROR;
				GCC_WARN_UNDECLARED_SELECTOR = YES;
				GCC_WARN_UNINITIALIZED_AUTOS = YES_AGGRESSIVE;
				GCC_WARN_UNUSED_FUNCTION = YES;
				GCC_WARN_UNUSED_VARIABLE = YES;
				IPHONEOS_DEPLOYMENT_TARGET = 8.3;
				MTL_ENABLE_DEBUG_INFO = NO;
				SDKROOT = iphoneos;
				VALIDATE_PRODUCT = YES;
			};
			name = Release;
		};
		1F5EC7CB1AEC6E8800535B89 /* Debug */ = {
			isa = XCBuildConfiguration;
			buildSettings = {
				ASSETCATALOG_COMPILER_APPICON_NAME = AppIcon;
				INFOPLIST_FILE = CCControlCenterShow/Info.plist;
				LD_RUNPATH_SEARCH_PATHS = "$(inherited) @executable_path/Frameworks";
				PRODUCT_NAME = "$(TARGET_NAME)";
			};
			name = Debug;
		};
		1F5EC7CC1AEC6E8800535B89 /* Release */ = {
			isa = XCBuildConfiguration;
			buildSettings = {
				ASSETCATALOG_COMPILER_APPICON_NAME = AppIcon;
				INFOPLIST_FILE = CCControlCenterShow/Info.plist;
				LD_RUNPATH_SEARCH_PATHS = "$(inherited) @executable_path/Frameworks";
				PRODUCT_NAME = "$(TARGET_NAME)";
			};
			name = Release;
		};
		1F5EC7CE1AEC6E8800535B89 /* Debug */ = {
			isa = XCBuildConfiguration;
			buildSettings = {
				BUNDLE_LOADER = "$(TEST_HOST)";
				FRAMEWORK_SEARCH_PATHS = (
					"$(SDKROOT)/Developer/Library/Frameworks",
					"$(inherited)",
				);
				GCC_PREPROCESSOR_DEFINITIONS = (
					"DEBUG=1",
					"$(inherited)",
				);
				INFOPLIST_FILE = CCControlCenterShowTests/Info.plist;
				LD_RUNPATH_SEARCH_PATHS = "$(inherited) @executable_path/Frameworks @loader_path/Frameworks";
				PRODUCT_NAME = "$(TARGET_NAME)";
				TEST_HOST = "$(BUILT_PRODUCTS_DIR)/CCControlCenterShow.app/CCControlCenterShow";
			};
			name = Debug;
		};
		1F5EC7CF1AEC6E8800535B89 /* Release */ = {
			isa = XCBuildConfiguration;
			buildSettings = {
				BUNDLE_LOADER = "$(TEST_HOST)";
				FRAMEWORK_SEARCH_PATHS = (
					"$(SDKROOT)/Developer/Library/Frameworks",
					"$(inherited)",
				);
				INFOPLIST_FILE = CCControlCenterShowTests/Info.plist;
				LD_RUNPATH_SEARCH_PATHS = "$(inherited) @executable_path/Frameworks @loader_path/Frameworks";
				PRODUCT_NAME = "$(TARGET_NAME)";
				TEST_HOST = "$(BUILT_PRODUCTS_DIR)/CCControlCenterShow.app/CCControlCenterShow";
			};
			name = Release;
		};
/* End XCBuildConfiguration section */

/* Begin XCConfigurationList section */
		1F5EC7A21AEC6E8700535B89 /* Build configuration list for PBXProject "CCControlCenterShow" */ = {
			isa = XCConfigurationList;
			buildConfigurations = (
				1F5EC7C81AEC6E8800535B89 /* Debug */,
				1F5EC7C91AEC6E8800535B89 /* Release */,
			);
			defaultConfigurationIsVisible = 0;
			defaultConfigurationName = Release;
		};
		1F5EC7CA1AEC6E8800535B89 /* Build configuration list for PBXNativeTarget "CCControlCenterShow" */ = {
			isa = XCConfigurationList;
			buildConfigurations = (
				1F5EC7CB1AEC6E8800535B89 /* Debug */,
				1F5EC7CC1AEC6E8800535B89 /* Release */,
			);
			defaultConfigurationIsVisible = 0;
		};
		1F5EC7CD1AEC6E8800535B89 /* Build configuration list for PBXNativeTarget "CCControlCenterShowTests" */ = {
			isa = XCConfigurationList;
			buildConfigurations = (
				1F5EC7CE1AEC6E8800535B89 /* Debug */,
				1F5EC7CF1AEC6E8800535B89 /* Release */,
			);
			defaultConfigurationIsVisible = 0;
		};
/* End XCConfigurationList section */
	};
	rootObject = 1F5EC79F1AEC6E8700535B89 /* Project object */;
}
